
Microsoft Visual Studio Solution File, Format Version 12.00
# Visual Studio Version 17
VisualStudioVersion = 17.8.34330.188
MinimumVisualStudioVersion = 10.0.40219.1
Project("{FAE04EC0-301F-11D3-BF4B-00C04F79EFBC}") = "MVC_Maraton", "MVC_Maraton\MVC_Maraton.csproj", "{9BDF3965-6A85-4E54-B29B-FFB49E13C809}"
EndProject
Global
	GlobalSection(SolutionConfigurationPlatforms) = preSolution
		Debug|Any CPU = Debug|Any CPU
		Release|Any CPU = Release|Any CPU
	EndGlobalSection
	GlobalSection(ProjectConfigurationPlatforms) = postSolution
		{9BDF3965-6A85-4E54-B29B-FFB49E13C809}.Debug|Any CPU.ActiveCfg = Debug|Any CPU
		{9BDF3965-6A85-4E54-B29B-FFB49E13C809}.Debug|Any CPU.Build.0 = Debug|Any CPU
		{9BDF3965-6A85-4E54-B29B-FFB49E13C809}.Release|Any CPU.ActiveCfg = Release|Any CPU
		{9BDF3965-6A85-4E54-B29B-FFB49E13C809}.Release|Any CPU.Build.0 = Release|Any CPU
	EndGlobalSection
	GlobalSection(SolutionProperties) = preSolution
		HideSolutionNode = FALSE
	EndGlobalSection
	GlobalSection(ExtensibilityGlobals) = postSolution
		SolutionGuid = {C898EF0C-B7E6-4490-8F61-AA8792FA3DE5}
	EndGlobalSection
EndGlobal
